// !$*UTF8*$!
{
	archiveVersion = 1;
	classes = {
	};
	objectVersion = 77;
	objects = {

/* Begin PBXBuildFile section */
		C2CD47BF2DF15A42006A7E43 /* BedtimeConfigurationView.swift in Sources */ = {isa = PBXBuildFile; fileRef = C2CD47BE2DF15A42006A7E43 /* BedtimeConfigurationView.swift */; };
		C2CD47C12DF15A78006A7E43 /* Customization.swift in Sources */ = {isa = PBXBuildFile; fileRef = C2CD47C02DF15A78006A7E43 /* Customization.swift */; };
		C2CD47C32DF15A87006A7E43 /* MenuBarHighlighter.swift in Sources */ = {isa = PBXBuildFile; fileRef = C2CD47C22DF15A87006A7E43 /* MenuBarHighlighter.swift */; };
		C2CD47C52DF15AA0006A7E43 /* StartUsingView.swift in Sources */ = {isa = PBXBuildFile; fileRef = C2CD47C42DF15AA0006A7E43 /* StartUsingView.swift */; };
		C2CD47C72DF15FF2006A7E43 /* AppDelegate.swift in Sources */ = {isa = PBXBuildFile; fileRef = C2CD47C62DF15FF2006A7E43 /* AppDelegate.swift */; };
		C2CD47C92DF16ADD006A7E43 /* LogInToggle.swift in Sources */ = {isa = PBXBuildFile; fileRef = C2CD47C82DF16ADD006A7E43 /* LogInToggle.swift */; };
		C2CD47CB2DF170D7006A7E43 /* Localizable.xcstrings in Resources */ = {isa = PBXBuildFile; fileRef = C2CD47CA2DF170D7006A7E43 /* Localizable.xcstrings */; };
		C2CD47CD2DF180CB006A7E43 /* OnboardingWindow.swift in Sources */ = {isa = PBXBuildFile; fileRef = C2CD47CC2DF180CB006A7E43 /* OnboardingWindow.swift */; };
		C2EB4F982DF1561800226CB8 /* Synced Tips.storekit in Resources */ = {isa = PBXBuildFile; fileRef = C2EB4F972DF1561800226CB8 /* Synced Tips.storekit */; };
		C2EB4F9B2DF1566500226CB8 /* StoreKit.framework in Frameworks */ = {isa = PBXBuildFile; fileRef = C2EB4F9A2DF1566500226CB8 /* StoreKit.framework */; };
		C2EB4FA32DF1588000226CB8 /* OnboardingController.swift in Sources */ = {isa = PBXBuildFile; fileRef = C2EB4FA22DF1588000226CB8 /* OnboardingController.swift */; };
		C2EB4FA62DF158E600226CB8 /* WelcomeView.swift in Sources */ = {isa = PBXBuildFile; fileRef = C2EB4FA52DF158E600226CB8 /* WelcomeView.swift */; };
		C2EC54752DF14CDA0012F73D /* Settings.swift in Sources */ = {isa = PBXBuildFile; fileRef = C2EC54742DF14CDA0012F73D /* Settings.swift */; };
		C2EC54772DF14D4F0012F73D /* About.swift in Sources */ = {isa = PBXBuildFile; fileRef = C2EC54762DF14D4F0012F73D /* About.swift */; };
		C2EC547E2DF14D5E0012F73D /* TipJar.swift in Sources */ = {isa = PBXBuildFile; fileRef = C2EC54782DF14D5E0012F73D /* TipJar.swift */; };
		C2EC547F2DF14D5E0012F73D /* StoreKitManager.swift in Sources */ = {isa = PBXBuildFile; fileRef = C2EC54792DF14D5E0012F73D /* StoreKitManager.swift */; };
		C2EC54802DF14D5E0012F73D /* Tips.plist in Resources */ = {isa = PBXBuildFile; fileRef = C2EC547B2DF14D5E0012F73D /* Tips.plist */; };
		C2EC54812DF14D5E0012F73D /* Local Tips.storekit in Resources */ = {isa = PBXBuildFile; fileRef = C2EC547C2DF14D5E0012F73D /* Local Tips.storekit */; };
		C2EC54862DF14D860012F73D /* GeneralSettings.swift in Sources */ = {isa = PBXBuildFile; fileRef = C2EC54852DF14D860012F73D /* GeneralSettings.swift */; };
		C2EC54882DF14DEB0012F73D /* Roadmap.swift in Sources */ = {isa = PBXBuildFile; fileRef = C2EC54872DF14DEB0012F73D /* Roadmap.swift */; };
		C2F1BE9C2DEF1C9F0056A4BA /* Preview Assets.xcassets in Resources */ = {isa = PBXBuildFile; fileRef = C2F1BE942DEF1C9F0056A4BA /* Preview Assets.xcassets */; };
		C2F1BE9D2DEF1C9F0056A4BA /* Assets.xcassets in Resources */ = {isa = PBXBuildFile; fileRef = C2F1BE972DEF1C9F0056A4BA /* Assets.xcassets */; };
		C2F1BE9E2DEF1C9F0056A4BA /* AlertView.swift in Sources */ = {isa = PBXBuildFile; fileRef = C2F1BE962DEF1C9F0056A4BA /* AlertView.swift */; };
		C2F1BE9F2DEF1C9F0056A4BA /* AcostarApp.swift in Sources */ = {isa = PBXBuildFile; fileRef = C2F1BE992DEF1C9F0056A4BA /* AcostarApp.swift */; };
		C2F1BEA02DEF1C9F0056A4BA /* ContentView.swift in Sources */ = {isa = PBXBuildFile; fileRef = C2F1BE9A2DEF1C9F0056A4BA /* ContentView.swift */; };
		C2F1BEA22DEF23BF0056A4BA /* VisualEffectView.swift in Sources */ = {isa = PBXBuildFile; fileRef = C2F1BEA12DEF23BF0056A4BA /* VisualEffectView.swift */; };
		C2F1BEA42DEF23D20056A4BA /* AlertButton.swift in Sources */ = {isa = PBXBuildFile; fileRef = C2F1BEA32DEF23D20056A4BA /* AlertButton.swift */; };
		C2F1BEA72DEF25E80056A4BA /* BedtimeMonitor.swift in Sources */ = {isa = PBXBuildFile; fileRef = C2F1BEA62DEF25E80056A4BA /* BedtimeMonitor.swift */; };
		C2F1BEA92DEF27AD0056A4BA /* AlertWindowManager.swift in Sources */ = {isa = PBXBuildFile; fileRef = C2F1BEA82DEF27AD0056A4BA /* AlertWindowManager.swift */; };
/* End PBXBuildFile section */

/* Begin PBXFileReference section */
		C2CD47BE2DF15A42006A7E43 /* BedtimeConfigurationView.swift */ = {isa = PBXFileReference; lastKnownFileType = sourcecode.swift; path = BedtimeConfigurationView.swift; sourceTree = "<group>"; };
		C2CD47C02DF15A78006A7E43 /* Customization.swift */ = {isa = PBXFileReference; lastKnownFileType = sourcecode.swift; path = Customization.swift; sourceTree = "<group>"; };
		C2CD47C22DF15A87006A7E43 /* MenuBarHighlighter.swift */ = {isa = PBXFileReference; lastKnownFileType = sourcecode.swift; path = MenuBarHighlighter.swift; sourceTree = "<group>"; };
		C2CD47C42DF15AA0006A7E43 /* StartUsingView.swift */ = {isa = PBXFileReference; lastKnownFileType = sourcecode.swift; path = StartUsingView.swift; sourceTree = "<group>"; };
		C2CD47C62DF15FF2006A7E43 /* AppDelegate.swift */ = {isa = PBXFileReference; lastKnownFileType = sourcecode.swift; path = AppDelegate.swift; sourceTree = "<group>"; };
		C2CD47C82DF16ADD006A7E43 /* LogInToggle.swift */ = {isa = PBXFileReference; lastKnownFileType = sourcecode.swift; path = LogInToggle.swift; sourceTree = "<group>"; };
		C2CD47CA2DF170D7006A7E43 /* Localizable.xcstrings */ = {isa = PBXFileReference; lastKnownFileType = text.json.xcstrings; name = Localizable.xcstrings; path = Acostarse/Localizable.xcstrings; sourceTree = "<group>"; };
		C2CD47CC2DF180CB006A7E43 /* OnboardingWindow.swift */ = {isa = PBXFileReference; lastKnownFileType = sourcecode.swift; path = OnboardingWindow.swift; sourceTree = "<group>"; };
		C2EB4F972DF1561800226CB8 /* Synced Tips.storekit */ = {isa = PBXFileReference; lastKnownFileType = text; path = "Synced Tips.storekit"; sourceTree = "<group>"; };
		C2EB4F9A2DF1566500226CB8 /* StoreKit.framework */ = {isa = PBXFileReference; lastKnownFileType = wrapper.framework; name = StoreKit.framework; path = System/Library/Frameworks/StoreKit.framework; sourceTree = SDKROOT; };
		C2EB4FA22DF1588000226CB8 /* OnboardingController.swift */ = {isa = PBXFileReference; lastKnownFileType = sourcecode.swift; path = OnboardingController.swift; sourceTree = "<group>"; };
		C2EB4FA52DF158E600226CB8 /* WelcomeView.swift */ = {isa = PBXFileReference; lastKnownFileType = sourcecode.swift; path = WelcomeView.swift; sourceTree = "<group>"; };
		C2EC54742DF14CDA0012F73D /* Settings.swift */ = {isa = PBXFileReference; lastKnownFileType = sourcecode.swift; path = Settings.swift; sourceTree = "<group>"; };
		C2EC54762DF14D4F0012F73D /* About.swift */ = {isa = PBXFileReference; lastKnownFileType = sourcecode.swift; path = About.swift; sourceTree = "<group>"; };
		C2EC54782DF14D5E0012F73D /* TipJar.swift */ = {isa = PBXFileReference; lastKnownFileType = sourcecode.swift; path = TipJar.swift; sourceTree = "<group>"; };
		C2EC54792DF14D5E0012F73D /* StoreKitManager.swift */ = {isa = PBXFileReference; lastKnownFileType = sourcecode.swift; path = StoreKitManager.swift; sourceTree = "<group>"; };
		C2EC547B2DF14D5E0012F73D /* Tips.plist */ = {isa = PBXFileReference; lastKnownFileType = text.plist.xml; path = Tips.plist; sourceTree = "<group>"; };
		C2EC547C2DF14D5E0012F73D /* Local Tips.storekit */ = {isa = PBXFileReference; lastKnownFileType = text; path = "Local Tips.storekit"; sourceTree = "<group>"; };
		C2EC54852DF14D860012F73D /* GeneralSettings.swift */ = {isa = PBXFileReference; lastKnownFileType = sourcecode.swift; path = GeneralSettings.swift; sourceTree = "<group>"; };
		C2EC54872DF14DEB0012F73D /* Roadmap.swift */ = {isa = PBXFileReference; lastKnownFileType = sourcecode.swift; path = Roadmap.swift; sourceTree = "<group>"; };
		C2F1BE7E2DEF1AB20056A4BA /* Acostarse.app */ = {isa = PBXFileReference; explicitFileType = wrapper.application; includeInIndex = 0; path = Acostarse.app; sourceTree = BUILT_PRODUCTS_DIR; };
		C2F1BE942DEF1C9F0056A4BA /* Preview Assets.xcassets */ = {isa = PBXFileReference; lastKnownFileType = folder.assetcatalog; path = "Preview Assets.xcassets"; sourceTree = "<group>"; };
		C2F1BE962DEF1C9F0056A4BA /* AlertView.swift */ = {isa = PBXFileReference; lastKnownFileType = sourcecode.swift; path = AlertView.swift; sourceTree = "<group>"; };
		C2F1BE972DEF1C9F0056A4BA /* Assets.xcassets */ = {isa = PBXFileReference; lastKnownFileType = folder.assetcatalog; path = Assets.xcassets; sourceTree = "<group>"; };
		C2F1BE982DEF1C9F0056A4BA /* Acostarse.entitlements */ = {isa = PBXFileReference; lastKnownFileType = text.plist.entitlements; path = Acostarse.entitlements; sourceTree = "<group>"; };
		C2F1BE992DEF1C9F0056A4BA /* AcostarApp.swift */ = {isa = PBXFileReference; lastKnownFileType = sourcecode.swift; path = AcostarApp.swift; sourceTree = "<group>"; };
		C2F1BE9A2DEF1C9F0056A4BA /* ContentView.swift */ = {isa = PBXFileReference; lastKnownFileType = sourcecode.swift; path = ContentView.swift; sourceTree = "<group>"; };
		C2F1BEA12DEF23BF0056A4BA /* VisualEffectView.swift */ = {isa = PBXFileReference; lastKnownFileType = sourcecode.swift; path = VisualEffectView.swift; sourceTree = "<group>"; };
		C2F1BEA32DEF23D20056A4BA /* AlertButton.swift */ = {isa = PBXFileReference; lastKnownFileType = sourcecode.swift; path = AlertButton.swift; sourceTree = "<group>"; };
		C2F1BEA52DEF250E0056A4BA /* Info.plist */ = {isa = PBXFileReference; lastKnownFileType = text.plist; path = Info.plist; sourceTree = "<group>"; };
		C2F1BEA62DEF25E80056A4BA /* BedtimeMonitor.swift */ = {isa = PBXFileReference; lastKnownFileType = sourcecode.swift; path = BedtimeMonitor.swift; sourceTree = "<group>"; };
		C2F1BEA82DEF27AD0056A4BA /* AlertWindowManager.swift */ = {isa = PBXFileReference; lastKnownFileType = sourcecode.swift; path = AlertWindowManager.swift; sourceTree = "<group>"; };
/* End PBXFileReference section */

/* Begin PBXFrameworksBuildPhase section */
		C2F1BE7B2DEF1AB20056A4BA /* Frameworks */ = {
			isa = PBXFrameworksBuildPhase;
			buildActionMask = 2147483647;
			files = (
				C2EB4F9B2DF1566500226CB8 /* StoreKit.framework in Frameworks */,
			);
			runOnlyForDeploymentPostprocessing = 0;
		};
/* End PBXFrameworksBuildPhase section */

/* Begin PBXGroup section */
		C2EB4F992DF1566500226CB8 /* Frameworks */ = {
			isa = PBXGroup;
			children = (
				C2EB4F9A2DF1566500226CB8 /* StoreKit.framework */,
			);
			name = Frameworks;
			sourceTree = "<group>";
		};
		C2EB4FA42DF1588400226CB8 /* Onboarding */ = {
			isa = PBXGroup;
			children = (
				C2CD47CC2DF180CB006A7E43 /* OnboardingWindow.swift */,
				C2EB4FA22DF1588000226CB8 /* OnboardingController.swift */,
				C2EB4FA52DF158E600226CB8 /* WelcomeView.swift */,
				C2CD47BE2DF15A42006A7E43 /* BedtimeConfigurationView.swift */,
				C2CD47C02DF15A78006A7E43 /* Customization.swift */,
				C2CD47C22DF15A87006A7E43 /* MenuBarHighlighter.swift */,
				C2CD47C42DF15AA0006A7E43 /* StartUsingView.swift */,
			);
			path = Onboarding;
			sourceTree = "<group>";
		};
		C2EC54712DEF672D0012F73D /* Helpers */ = {
			isa = PBXGroup;
			children = (
				C2F1BEA62DEF25E80056A4BA /* BedtimeMonitor.swift */,
				C2F1BEA82DEF27AD0056A4BA /* AlertWindowManager.swift */,
				C2CD47C82DF16ADD006A7E43 /* LogInToggle.swift */,
			);
			path = Helpers;
			sourceTree = "<group>";
		};
		C2EC547D2DF14D5E0012F73D /* StoreKit */ = {
			isa = PBXGroup;
			children = (
				C2EC54782DF14D5E0012F73D /* TipJar.swift */,
				C2EC54792DF14D5E0012F73D /* StoreKitManager.swift */,
				C2EC547B2DF14D5E0012F73D /* Tips.plist */,
				C2EB4F972DF1561800226CB8 /* Synced Tips.storekit */,
				C2EC547C2DF14D5E0012F73D /* Local Tips.storekit */,
			);
			path = StoreKit;
			sourceTree = "<group>";
		};
		C2EC54842DF14D6F0012F73D /* Settings */ = {
			isa = PBXGroup;
			children = (
				C2EC54742DF14CDA0012F73D /* Settings.swift */,
				C2EC54852DF14D860012F73D /* GeneralSettings.swift */,
				C2EC54872DF14DEB0012F73D /* Roadmap.swift */,
				C2EC54762DF14D4F0012F73D /* About.swift */,
				C2EC547D2DF14D5E0012F73D /* StoreKit */,
			);
			path = Settings;
			sourceTree = "<group>";
		};
		C2F1BE752DEF1AB20056A4BA = {
			isa = PBXGroup;
			children = (
				C2CD47CA2DF170D7006A7E43 /* Localizable.xcstrings */,
				C2F1BE9B2DEF1C9F0056A4BA /* Acostarse */,
				C2EB4F992DF1566500226CB8 /* Frameworks */,
				C2F1BE7F2DEF1AB20056A4BA /* Products */,
			);
			sourceTree = "<group>";
		};
		C2F1BE7F2DEF1AB20056A4BA /* Products */ = {
			isa = PBXGroup;
			children = (
				C2F1BE7E2DEF1AB20056A4BA /* Acostarse.app */,
			);
			name = Products;
			sourceTree = "<group>";
		};
		C2F1BE952DEF1C9F0056A4BA /* Preview Content */ = {
			isa = PBXGroup;
			children = (
				C2F1BE942DEF1C9F0056A4BA /* Preview Assets.xcassets */,
			);
			path = "Preview Content";
			sourceTree = "<group>";
		};
		C2F1BE9B2DEF1C9F0056A4BA /* Acostarse */ = {
			isa = PBXGroup;
			children = (
				C2F1BEA52DEF250E0056A4BA /* Info.plist */,
				C2F1BE952DEF1C9F0056A4BA /* Preview Content */,
				C2F1BE972DEF1C9F0056A4BA /* Assets.xcassets */,
				C2F1BE982DEF1C9F0056A4BA /* Acostarse.entitlements */,
				C2F1BE992DEF1C9F0056A4BA /* AcostarApp.swift */,
				C2CD47C62DF15FF2006A7E43 /* AppDelegate.swift */,
				C2F1BE9A2DEF1C9F0056A4BA /* ContentView.swift */,
				C2F1BE962DEF1C9F0056A4BA /* AlertView.swift */,
				C2EB4FA42DF1588400226CB8 /* Onboarding */,
				C2EC54842DF14D6F0012F73D /* Settings */,
				C2EC54712DEF672D0012F73D /* Helpers */,
				C2F1BEA32DEF23D20056A4BA /* AlertButton.swift */,
				C2F1BEA12DEF23BF0056A4BA /* VisualEffectView.swift */,
			);
			path = Acostarse;
			sourceTree = "<group>";
		};
/* End PBXGroup section */

/* Begin PBXNativeTarget section */
		C2F1BE7D2DEF1AB20056A4BA /* Acostarse */ = {
			isa = PBXNativeTarget;
			buildConfigurationList = C2F1BE8D2DEF1AB30056A4BA /* Build configuration list for PBXNativeTarget "Acostarse" */;
			buildPhases = (
				C2F1BE7A2DEF1AB20056A4BA /* Sources */,
				C2F1BE7B2DEF1AB20056A4BA /* Frameworks */,
				C2F1BE7C2DEF1AB20056A4BA /* Resources */,
			);
			buildRules = (
			);
			dependencies = (
			);
			name = Acostarse;
			packageProductDependencies = (
			);
			productName = Bedtime;
			productReference = C2F1BE7E2DEF1AB20056A4BA /* Acostarse.app */;
			productType = "com.apple.product-type.application";
		};
/* End PBXNativeTarget section */

/* Begin PBXProject section */
		C2F1BE762DEF1AB20056A4BA /* Project object */ = {
			isa = PBXProject;
			attributes = {
				BuildIndependentTargetsInParallel = 1;
				LastSwiftUpdateCheck = 1620;
				LastUpgradeCheck = 1620;
				TargetAttributes = {
					C2F1BE7D2DEF1AB20056A4BA = {
						CreatedOnToolsVersion = 16.2;
					};
				};
			};
			buildConfigurationList = C2F1BE792DEF1AB20056A4BA /* Build configuration list for PBXProject "Acostarse" */;
			developmentRegion = en;
			hasScannedForEncodings = 0;
			knownRegions = (
				en,
				Base,
				es,
			);
			mainGroup = C2F1BE752DEF1AB20056A4BA;
			minimizedProjectReferenceProxies = 1;
			preferredProjectObjectVersion = 77;
			productRefGroup = C2F1BE7F2DEF1AB20056A4BA /* Products */;
			projectDirPath = "";
			projectRoot = "";
			targets = (
				C2F1BE7D2DEF1AB20056A4BA /* Acostarse */,
			);
		};
/* End PBXProject section */

/* Begin PBXResourcesBuildPhase section */
		C2F1BE7C2DEF1AB20056A4BA /* Resources */ = {
			isa = PBXResourcesBuildPhase;
			buildActionMask = 2147483647;
			files = (
				C2EB4F982DF1561800226CB8 /* Synced Tips.storekit in Resources */,
				C2EC54802DF14D5E0012F73D /* Tips.plist in Resources */,
				C2CD47CB2DF170D7006A7E43 /* Localizable.xcstrings in Resources */,
				C2EC54812DF14D5E0012F73D /* Local Tips.storekit in Resources */,
				C2F1BE9C2DEF1C9F0056A4BA /* Preview Assets.xcassets in Resources */,
				C2F1BE9D2DEF1C9F0056A4BA /* Assets.xcassets in Resources */,
			);
			runOnlyForDeploymentPostprocessing = 0;
		};
/* End PBXResourcesBuildPhase section */

/* Begin PBXSourcesBuildPhase section */
		C2F1BE7A2DEF1AB20056A4BA /* Sources */ = {
			isa = PBXSourcesBuildPhase;
			buildActionMask = 2147483647;
			files = (
				C2F1BE9E2DEF1C9F0056A4BA /* AlertView.swift in Sources */,
				C2EB4FA62DF158E600226CB8 /* WelcomeView.swift in Sources */,
				C2CD47C32DF15A87006A7E43 /* MenuBarHighlighter.swift in Sources */,
				C2EC54882DF14DEB0012F73D /* Roadmap.swift in Sources */,
				C2EC547E2DF14D5E0012F73D /* TipJar.swift in Sources */,
				C2EC547F2DF14D5E0012F73D /* StoreKitManager.swift in Sources */,
				C2CD47C92DF16ADD006A7E43 /* LogInToggle.swift in Sources */,
				C2F1BEA22DEF23BF0056A4BA /* VisualEffectView.swift in Sources */,
				C2CD47C52DF15AA0006A7E43 /* StartUsingView.swift in Sources */,
				C2CD47C72DF15FF2006A7E43 /* AppDelegate.swift in Sources */,
				C2CD47BF2DF15A42006A7E43 /* BedtimeConfigurationView.swift in Sources */,
				C2EC54752DF14CDA0012F73D /* Settings.swift in Sources */,
				C2F1BEA92DEF27AD0056A4BA /* AlertWindowManager.swift in Sources */,
				C2CD47C12DF15A78006A7E43 /* Customization.swift in Sources */,
				C2F1BEA72DEF25E80056A4BA /* BedtimeMonitor.swift in Sources */,
				C2EC54862DF14D860012F73D /* GeneralSettings.swift in Sources */,
				C2F1BE9F2DEF1C9F0056A4BA /* AcostarApp.swift in Sources */,
				C2EB4FA32DF1588000226CB8 /* OnboardingController.swift in Sources */,
				C2CD47CD2DF180CB006A7E43 /* OnboardingWindow.swift in Sources */,
				C2F1BEA02DEF1C9F0056A4BA /* ContentView.swift in Sources */,
				C2EC54772DF14D4F0012F73D /* About.swift in Sources */,
				C2F1BEA42DEF23D20056A4BA /* AlertButton.swift in Sources */,
			);
			runOnlyForDeploymentPostprocessing = 0;
		};
/* End PBXSourcesBuildPhase section */

/* Begin XCBuildConfiguration section */
		C2CD47CE2DF18210006A7E43 /* Debug-Onboarding */ = {
			isa = XCBuildConfiguration;
			buildSettings = {
				ALWAYS_SEARCH_USER_PATHS = NO;
				ASSETCATALOG_COMPILER_GENERATE_SWIFT_ASSET_SYMBOL_EXTENSIONS = YES;
				CLANG_ANALYZER_NONNULL = YES;
				CLANG_ANALYZER_NUMBER_OBJECT_CONVERSION = YES_AGGRESSIVE;
				CLANG_CXX_LANGUAGE_STANDARD = "gnu++20";
				CLANG_ENABLE_MODULES = YES;
				CLANG_ENABLE_OBJC_ARC = YES;
				CLANG_ENABLE_OBJC_WEAK = YES;
				CLANG_WARN_BLOCK_CAPTURE_AUTORELEASING = YES;
				CLANG_WARN_BOOL_CONVERSION = YES;
				CLANG_WARN_COMMA = YES;
				CLANG_WARN_CONSTANT_CONVERSION = YES;
				CLANG_WARN_DEPRECATED_OBJC_IMPLEMENTATIONS = YES;
				CLANG_WARN_DIRECT_OBJC_ISA_USAGE = YES_ERROR;
				CLANG_WARN_DOCUMENTATION_COMMENTS = YES;
				CLANG_WARN_EMPTY_BODY = YES;
				CLANG_WARN_ENUM_CONVERSION = YES;
				CLANG_WARN_INFINITE_RECURSION = YES;
				CLANG_WARN_INT_CONVERSION = YES;
				CLANG_WARN_NON_LITERAL_NULL_CONVERSION = YES;
				CLANG_WARN_OBJC_IMPLICIT_RETAIN_SELF = YES;
				CLANG_WARN_OBJC_LITERAL_CONVERSION = YES;
				CLANG_WARN_OBJC_ROOT_CLASS = YES_ERROR;
				CLANG_WARN_QUOTED_INCLUDE_IN_FRAMEWORK_HEADER = YES;
				CLANG_WARN_RANGE_LOOP_ANALYSIS = YES;
				CLANG_WARN_STRICT_PROTOTYPES = YES;
				CLANG_WARN_SUSPICIOUS_MOVE = YES;
				CLANG_WARN_UNGUARDED_AVAILABILITY = YES_AGGRESSIVE;
				CLANG_WARN_UNREACHABLE_CODE = YES;
				CLANG_WARN__DUPLICATE_METHOD_MATCH = YES;
				COPY_PHASE_STRIP = NO;
				DEBUG_INFORMATION_FORMAT = dwarf;
				ENABLE_STRICT_OBJC_MSGSEND = YES;
				ENABLE_TESTABILITY = YES;
				ENABLE_USER_SCRIPT_SANDBOXING = YES;
				GCC_C_LANGUAGE_STANDARD = gnu17;
				GCC_DYNAMIC_NO_PIC = NO;
				GCC_NO_COMMON_BLOCKS = YES;
				GCC_OPTIMIZATION_LEVEL = 0;
				GCC_PREPROCESSOR_DEFINITIONS = (
					"DEBUG=1",
					"$(inherited)",
				);
				GCC_WARN_64_TO_32_BIT_CONVERSION = YES;
				GCC_WARN_ABOUT_RETURN_TYPE = YES_ERROR;
				GCC_WARN_UNDECLARED_SELECTOR = YES;
				GCC_WARN_UNINITIALIZED_AUTOS = YES_AGGRESSIVE;
				GCC_WARN_UNUSED_FUNCTION = YES;
				GCC_WARN_UNUSED_VARIABLE = YES;
				LOCALIZATION_PREFERS_STRING_CATALOGS = YES;
				MTL_ENABLE_DEBUG_INFO = INCLUDE_SOURCE;
				MTL_FAST_MATH = YES;
				ONLY_ACTIVE_ARCH = YES;
				OTHER_SWIFT_FLAGS = "";
				SWIFT_ACTIVE_COMPILATION_CONDITIONS = "DEBUG $(inherited)";
				SWIFT_EMIT_LOC_STRINGS = YES;
				SWIFT_OPTIMIZATION_LEVEL = "-Onone";
			};
			name = "Debug-Onboarding";
		};
		C2CD47CF2DF18210006A7E43 /* Debug-Onboarding */ = {
			isa = XCBuildConfiguration;
			buildSettings = {
				ASSETCATALOG_COMPILER_APPICON_NAME = AppIcon;
				ASSETCATALOG_COMPILER_GLOBAL_ACCENT_COLOR_NAME = AccentColor;
				CODE_SIGN_ENTITLEMENTS = Acostarse/Acostarse.entitlements;
				CODE_SIGN_STYLE = Automatic;
				CURRENT_PROJECT_VERSION = 2;
				DEVELOPMENT_ASSET_PATHS = "\"Acostarse/Preview Content\"";
				DEVELOPMENT_TEAM = 3S6NT5MUQZ;
				ENABLE_HARDENED_RUNTIME = YES;
				ENABLE_PREVIEWS = YES;
				GENERATE_INFOPLIST_FILE = YES;
				INFOPLIST_FILE = Acostarse/Info.plist;
				INFOPLIST_KEY_CFBundleDisplayName = Acostar;
				INFOPLIST_KEY_LSApplicationCategoryType = "public.app-category.healthcare-fitness";
				INFOPLIST_KEY_LSUIElement = YES;
				"INFOPLIST_KEY_UIApplicationSceneManifest_Generation[sdk=iphoneos*]" = YES;
				"INFOPLIST_KEY_UIApplicationSceneManifest_Generation[sdk=iphonesimulator*]" = YES;
				"INFOPLIST_KEY_UIApplicationSupportsIndirectInputEvents[sdk=iphoneos*]" = YES;
				"INFOPLIST_KEY_UIApplicationSupportsIndirectInputEvents[sdk=iphonesimulator*]" = YES;
				"INFOPLIST_KEY_UILaunchScreen_Generation[sdk=iphoneos*]" = YES;
				"INFOPLIST_KEY_UILaunchScreen_Generation[sdk=iphonesimulator*]" = YES;
				"INFOPLIST_KEY_UIStatusBarStyle[sdk=iphoneos*]" = UIStatusBarStyleDefault;
				"INFOPLIST_KEY_UIStatusBarStyle[sdk=iphonesimulator*]" = UIStatusBarStyleDefault;
				INFOPLIST_KEY_UISupportedInterfaceOrientations_iPad = "UIInterfaceOrientationPortrait UIInterfaceOrientationPortraitUpsideDown UIInterfaceOrientationLandscapeLeft UIInterfaceOrientationLandscapeRight";
				INFOPLIST_KEY_UISupportedInterfaceOrientations_iPhone = "UIInterfaceOrientationPortrait UIInterfaceOrientationLandscapeLeft UIInterfaceOrientationLandscapeRight";
				IPHONEOS_DEPLOYMENT_TARGET = 18.2;
				LD_RUNPATH_SEARCH_PATHS = "@executable_path/Frameworks";
				"LD_RUNPATH_SEARCH_PATHS[sdk=macosx*]" = "@executable_path/../Frameworks";
				MACOSX_DEPLOYMENT_TARGET = 15.0;
				MARKETING_VERSION = 1.0;
				OTHER_SWIFT_FLAGS = "-DONBOARDING_TESTING";
				PRODUCT_BUNDLE_IDENTIFIER = org.starlightapps.Acostarse;
				PRODUCT_NAME = "$(TARGET_NAME)";
				SDKROOT = auto;
				SUPPORTED_PLATFORMS = "iphoneos iphonesimulator macosx xros xrsimulator";
				SWIFT_EMIT_LOC_STRINGS = YES;
				SWIFT_VERSION = 5.0;
				TARGETED_DEVICE_FAMILY = "1,2,7";
				XROS_DEPLOYMENT_TARGET = 2.2;
			};
			name = "Debug-Onboarding";
		};
		C2EC546F2DEF645B0012F73D /* Debug-AlertScreen */ = {
			isa = XCBuildConfiguration;
			buildSettings = {
				ALWAYS_SEARCH_USER_PATHS = NO;
				ASSETCATALOG_COMPILER_GENERATE_SWIFT_ASSET_SYMBOL_EXTENSIONS = YES;
				CLANG_ANALYZER_NONNULL = YES;
				CLANG_ANALYZER_NUMBER_OBJECT_CONVERSION = YES_AGGRESSIVE;
				CLANG_CXX_LANGUAGE_STANDARD = "gnu++20";
				CLANG_ENABLE_MODULES = YES;
				CLANG_ENABLE_OBJC_ARC = YES;
				CLANG_ENABLE_OBJC_WEAK = YES;
				CLANG_WARN_BLOCK_CAPTURE_AUTORELEASING = YES;
				CLANG_WARN_BOOL_CONVERSION = YES;
				CLANG_WARN_COMMA = YES;
				CLANG_WARN_CONSTANT_CONVERSION = YES;
				CLANG_WARN_DEPRECATED_OBJC_IMPLEMENTATIONS = YES;
				CLANG_WARN_DIRECT_OBJC_ISA_USAGE = YES_ERROR;
				CLANG_WARN_DOCUMENTATION_COMMENTS = YES;
				CLANG_WARN_EMPTY_BODY = YES;
				CLANG_WARN_ENUM_CONVERSION = YES;
				CLANG_WARN_INFINITE_RECURSION = YES;
				CLANG_WARN_INT_CONVERSION = YES;
				CLANG_WARN_NON_LITERAL_NULL_CONVERSION = YES;
				CLANG_WARN_OBJC_IMPLICIT_RETAIN_SELF = YES;
				CLANG_WARN_OBJC_LITERAL_CONVERSION = YES;
				CLANG_WARN_OBJC_ROOT_CLASS = YES_ERROR;
				CLANG_WARN_QUOTED_INCLUDE_IN_FRAMEWORK_HEADER = YES;
				CLANG_WARN_RANGE_LOOP_ANALYSIS = YES;
				CLANG_WARN_STRICT_PROTOTYPES = YES;
				CLANG_WARN_SUSPICIOUS_MOVE = YES;
				CLANG_WARN_UNGUARDED_AVAILABILITY = YES_AGGRESSIVE;
				CLANG_WARN_UNREACHABLE_CODE = YES;
				CLANG_WARN__DUPLICATE_METHOD_MATCH = YES;
				COPY_PHASE_STRIP = NO;
				DEBUG_INFORMATION_FORMAT = dwarf;
				ENABLE_STRICT_OBJC_MSGSEND = YES;
				ENABLE_TESTABILITY = YES;
				ENABLE_USER_SCRIPT_SANDBOXING = YES;
				GCC_C_LANGUAGE_STANDARD = gnu17;
				GCC_DYNAMIC_NO_PIC = NO;
				GCC_NO_COMMON_BLOCKS = YES;
				GCC_OPTIMIZATION_LEVEL = 0;
				GCC_PREPROCESSOR_DEFINITIONS = (
					"DEBUG=1",
					"$(inherited)",
				);
				GCC_WARN_64_TO_32_BIT_CONVERSION = YES;
				GCC_WARN_ABOUT_RETURN_TYPE = YES_ERROR;
				GCC_WARN_UNDECLARED_SELECTOR = YES;
				GCC_WARN_UNINITIALIZED_AUTOS = YES_AGGRESSIVE;
				GCC_WARN_UNUSED_FUNCTION = YES;
				GCC_WARN_UNUSED_VARIABLE = YES;
				LOCALIZATION_PREFERS_STRING_CATALOGS = YES;
				MTL_ENABLE_DEBUG_INFO = INCLUDE_SOURCE;
				MTL_FAST_MATH = YES;
				ONLY_ACTIVE_ARCH = YES;
				OTHER_SWIFT_FLAGS = "";
				SWIFT_ACTIVE_COMPILATION_CONDITIONS = "DEBUG $(inherited)";
				SWIFT_EMIT_LOC_STRINGS = YES;
				SWIFT_OPTIMIZATION_LEVEL = "-Onone";
			};
			name = "Debug-AlertScreen";
		};
		C2EC54702DEF645B0012F73D /* Debug-AlertScreen */ = {
			isa = XCBuildConfiguration;
			buildSettings = {
				ASSETCATALOG_COMPILER_APPICON_NAME = AppIcon;
				ASSETCATALOG_COMPILER_GLOBAL_ACCENT_COLOR_NAME = AccentColor;
				CODE_SIGN_ENTITLEMENTS = Acostarse/Acostarse.entitlements;
				CODE_SIGN_STYLE = Automatic;
				CURRENT_PROJECT_VERSION = 2;
				DEVELOPMENT_ASSET_PATHS = "\"Acostarse/Preview Content\"";
				DEVELOPMENT_TEAM = 3S6NT5MUQZ;
				ENABLE_HARDENED_RUNTIME = YES;
				ENABLE_PREVIEWS = YES;
				GENERATE_INFOPLIST_FILE = YES;
				INFOPLIST_FILE = Acostarse/Info.plist;
				INFOPLIST_KEY_CFBundleDisplayName = Acostar;
				INFOPLIST_KEY_LSApplicationCategoryType = "public.app-category.healthcare-fitness";
				INFOPLIST_KEY_LSUIElement = YES;
				"INFOPLIST_KEY_UIApplicationSceneManifest_Generation[sdk=iphoneos*]" = YES;
				"INFOPLIST_KEY_UIApplicationSceneManifest_Generation[sdk=iphonesimulator*]" = YES;
				"INFOPLIST_KEY_UIApplicationSupportsIndirectInputEvents[sdk=iphoneos*]" = YES;
				"INFOPLIST_KEY_UIApplicationSupportsIndirectInputEvents[sdk=iphonesimulator*]" = YES;
				"INFOPLIST_KEY_UILaunchScreen_Generation[sdk=iphoneos*]" = YES;
				"INFOPLIST_KEY_UILaunchScreen_Generation[sdk=iphonesimulator*]" = YES;
				"INFOPLIST_KEY_UIStatusBarStyle[sdk=iphoneos*]" = UIStatusBarStyleDefault;
				"INFOPLIST_KEY_UIStatusBarStyle[sdk=iphonesimulator*]" = UIStatusBarStyleDefault;
				INFOPLIST_KEY_UISupportedInterfaceOrientations_iPad = "UIInterfaceOrientationPortrait UIInterfaceOrientationPortraitUpsideDown UIInterfaceOrientationLandscapeLeft UIInterfaceOrientationLandscapeRight";
				INFOPLIST_KEY_UISupportedInterfaceOrientations_iPhone = "UIInterfaceOrientationPortrait UIInterfaceOrientationLandscapeLeft UIInterfaceOrientationLandscapeRight";
				IPHONEOS_DEPLOYMENT_TARGET = 18.2;
				LD_RUNPATH_SEARCH_PATHS = "@executable_path/Frameworks";
				"LD_RUNPATH_SEARCH_PATHS[sdk=macosx*]" = "@executable_path/../Frameworks";
				MACOSX_DEPLOYMENT_TARGET = 15.0;
				MARKETING_VERSION = 1.0;
				OTHER_SWIFT_FLAGS = "-DALERT_SCREEN_TESTING";
				PRODUCT_BUNDLE_IDENTIFIER = org.starlightapps.Acostarse;
				PRODUCT_NAME = "$(TARGET_NAME)";
				SDKROOT = auto;
				SUPPORTED_PLATFORMS = "iphoneos iphonesimulator macosx xros xrsimulator";
				SWIFT_EMIT_LOC_STRINGS = YES;
				SWIFT_VERSION = 5.0;
				TARGETED_DEVICE_FAMILY = "1,2,7";
				XROS_DEPLOYMENT_TARGET = 2.2;
			};
			name = "Debug-AlertScreen";
		};
		C2F1BE8B2DEF1AB30056A4BA /* Debug */ = {
			isa = XCBuildConfiguration;
			buildSettings = {
				ALWAYS_SEARCH_USER_PATHS = NO;
				ASSETCATALOG_COMPILER_GENERATE_SWIFT_ASSET_SYMBOL_EXTENSIONS = YES;
				CLANG_ANALYZER_NONNULL = YES;
				CLANG_ANALYZER_NUMBER_OBJECT_CONVERSION = YES_AGGRESSIVE;
				CLANG_CXX_LANGUAGE_STANDARD = "gnu++20";
				CLANG_ENABLE_MODULES = YES;
				CLANG_ENABLE_OBJC_ARC = YES;
				CLANG_ENABLE_OBJC_WEAK = YES;
				CLANG_WARN_BLOCK_CAPTURE_AUTORELEASING = YES;
				CLANG_WARN_BOOL_CONVERSION = YES;
				CLANG_WARN_COMMA = YES;
				CLANG_WARN_CONSTANT_CONVERSION = YES;
				CLANG_WARN_DEPRECATED_OBJC_IMPLEMENTATIONS = YES;
				CLANG_WARN_DIRECT_OBJC_ISA_USAGE = YES_ERROR;
				CLANG_WARN_DOCUMENTATION_COMMENTS = YES;
				CLANG_WARN_EMPTY_BODY = YES;
				CLANG_WARN_ENUM_CONVERSION = YES;
				CLANG_WARN_INFINITE_RECURSION = YES;
				CLANG_WARN_INT_CONVERSION = YES;
				CLANG_WARN_NON_LITERAL_NULL_CONVERSION = YES;
				CLANG_WARN_OBJC_IMPLICIT_RETAIN_SELF = YES;
				CLANG_WARN_OBJC_LITERAL_CONVERSION = YES;
				CLANG_WARN_OBJC_ROOT_CLASS = YES_ERROR;
				CLANG_WARN_QUOTED_INCLUDE_IN_FRAMEWORK_HEADER = YES;
				CLANG_WARN_RANGE_LOOP_ANALYSIS = YES;
				CLANG_WARN_STRICT_PROTOTYPES = YES;
				CLANG_WARN_SUSPICIOUS_MOVE = YES;
				CLANG_WARN_UNGUARDED_AVAILABILITY = YES_AGGRESSIVE;
				CLANG_WARN_UNREACHABLE_CODE = YES;
				CLANG_WARN__DUPLICATE_METHOD_MATCH = YES;
				COPY_PHASE_STRIP = NO;
				DEBUG_INFORMATION_FORMAT = dwarf;
				ENABLE_STRICT_OBJC_MSGSEND = YES;
				ENABLE_TESTABILITY = YES;
				ENABLE_USER_SCRIPT_SANDBOXING = YES;
				GCC_C_LANGUAGE_STANDARD = gnu17;
				GCC_DYNAMIC_NO_PIC = NO;
				GCC_NO_COMMON_BLOCKS = YES;
				GCC_OPTIMIZATION_LEVEL = 0;
				GCC_PREPROCESSOR_DEFINITIONS = (
					"DEBUG=1",
					"$(inherited)",
				);
				GCC_WARN_64_TO_32_BIT_CONVERSION = YES;
				GCC_WARN_ABOUT_RETURN_TYPE = YES_ERROR;
				GCC_WARN_UNDECLARED_SELECTOR = YES;
				GCC_WARN_UNINITIALIZED_AUTOS = YES_AGGRESSIVE;
				GCC_WARN_UNUSED_FUNCTION = YES;
				GCC_WARN_UNUSED_VARIABLE = YES;
				LOCALIZATION_PREFERS_STRING_CATALOGS = YES;
				MTL_ENABLE_DEBUG_INFO = INCLUDE_SOURCE;
				MTL_FAST_MATH = YES;
				ONLY_ACTIVE_ARCH = YES;
				OTHER_SWIFT_FLAGS = "";
				SWIFT_ACTIVE_COMPILATION_CONDITIONS = "DEBUG $(inherited)";
				SWIFT_EMIT_LOC_STRINGS = YES;
				SWIFT_OPTIMIZATION_LEVEL = "-Onone";
			};
			name = Debug;
		};
		C2F1BE8C2DEF1AB30056A4BA /* Release */ = {
			isa = XCBuildConfiguration;
			buildSettings = {
				ALWAYS_SEARCH_USER_PATHS = NO;
				ASSETCATALOG_COMPILER_GENERATE_SWIFT_ASSET_SYMBOL_EXTENSIONS = YES;
				CLANG_ANALYZER_NONNULL = YES;
				CLANG_ANALYZER_NUMBER_OBJECT_CONVERSION = YES_AGGRESSIVE;
				CLANG_CXX_LANGUAGE_STANDARD = "gnu++20";
				CLANG_ENABLE_MODULES = YES;
				CLANG_ENABLE_OBJC_ARC = YES;
				CLANG_ENABLE_OBJC_WEAK = YES;
				CLANG_WARN_BLOCK_CAPTURE_AUTORELEASING = YES;
				CLANG_WARN_BOOL_CONVERSION = YES;
				CLANG_WARN_COMMA = YES;
				CLANG_WARN_CONSTANT_CONVERSION = YES;
				CLANG_WARN_DEPRECATED_OBJC_IMPLEMENTATIONS = YES;
				CLANG_WARN_DIRECT_OBJC_ISA_USAGE = YES_ERROR;
				CLANG_WARN_DOCUMENTATION_COMMENTS = YES;
				CLANG_WARN_EMPTY_BODY = YES;
				CLANG_WARN_ENUM_CONVERSION = YES;
				CLANG_WARN_INFINITE_RECURSION = YES;
				CLANG_WARN_INT_CONVERSION = YES;
				CLANG_WARN_NON_LITERAL_NULL_CONVERSION = YES;
				CLANG_WARN_OBJC_IMPLICIT_RETAIN_SELF = YES;
				CLANG_WARN_OBJC_LITERAL_CONVERSION = YES;
				CLANG_WARN_OBJC_ROOT_CLASS = YES_ERROR;
				CLANG_WARN_QUOTED_INCLUDE_IN_FRAMEWORK_HEADER = YES;
				CLANG_WARN_RANGE_LOOP_ANALYSIS = YES;
				CLANG_WARN_STRICT_PROTOTYPES = YES;
				CLANG_WARN_SUSPICIOUS_MOVE = YES;
				CLANG_WARN_UNGUARDED_AVAILABILITY = YES_AGGRESSIVE;
				CLANG_WARN_UNREACHABLE_CODE = YES;
				CLANG_WARN__DUPLICATE_METHOD_MATCH = YES;
				COPY_PHASE_STRIP = NO;
				DEBUG_INFORMATION_FORMAT = "dwarf-with-dsym";
				ENABLE_NS_ASSERTIONS = NO;
				ENABLE_STRICT_OBJC_MSGSEND = YES;
				ENABLE_USER_SCRIPT_SANDBOXING = YES;
				GCC_C_LANGUAGE_STANDARD = gnu17;
				GCC_NO_COMMON_BLOCKS = YES;
				GCC_WARN_64_TO_32_BIT_CONVERSION = YES;
				GCC_WARN_ABOUT_RETURN_TYPE = YES_ERROR;
				GCC_WARN_UNDECLARED_SELECTOR = YES;
				GCC_WARN_UNINITIALIZED_AUTOS = YES_AGGRESSIVE;
				GCC_WARN_UNUSED_FUNCTION = YES;
				GCC_WARN_UNUSED_VARIABLE = YES;
				LOCALIZATION_PREFERS_STRING_CATALOGS = YES;
				MTL_ENABLE_DEBUG_INFO = NO;
				MTL_FAST_MATH = YES;
				SWIFT_COMPILATION_MODE = wholemodule;
				SWIFT_EMIT_LOC_STRINGS = YES;
			};
			name = Release;
		};
		C2F1BE8E2DEF1AB30056A4BA /* Debug */ = {
			isa = XCBuildConfiguration;
			buildSettings = {
				ASSETCATALOG_COMPILER_APPICON_NAME = AppIcon;
				ASSETCATALOG_COMPILER_GLOBAL_ACCENT_COLOR_NAME = AccentColor;
				CODE_SIGN_ENTITLEMENTS = Acostarse/Acostarse.entitlements;
				CODE_SIGN_STYLE = Automatic;
				CURRENT_PROJECT_VERSION = 2;
				DEVELOPMENT_ASSET_PATHS = "\"Acostarse/Preview Content\"";
				DEVELOPMENT_TEAM = 3S6NT5MUQZ;
				ENABLE_HARDENED_RUNTIME = YES;
				ENABLE_PREVIEWS = YES;
				GENERATE_INFOPLIST_FILE = YES;
				INFOPLIST_FILE = Acostarse/Info.plist;
				INFOPLIST_KEY_CFBundleDisplayName = Acostar;
				INFOPLIST_KEY_LSApplicationCategoryType = "public.app-category.healthcare-fitness";
				INFOPLIST_KEY_LSUIElement = YES;
				"INFOPLIST_KEY_UIApplicationSceneManifest_Generation[sdk=iphoneos*]" = YES;
				"INFOPLIST_KEY_UIApplicationSceneManifest_Generation[sdk=iphonesimulator*]" = YES;
				"INFOPLIST_KEY_UIApplicationSupportsIndirectInputEvents[sdk=iphoneos*]" = YES;
				"INFOPLIST_KEY_UIApplicationSupportsIndirectInputEvents[sdk=iphonesimulator*]" = YES;
				"INFOPLIST_KEY_UILaunchScreen_Generation[sdk=iphoneos*]" = YES;
				"INFOPLIST_KEY_UILaunchScreen_Generation[sdk=iphonesimulator*]" = YES;
				"INFOPLIST_KEY_UIStatusBarStyle[sdk=iphoneos*]" = UIStatusBarStyleDefault;
				"INFOPLIST_KEY_UIStatusBarStyle[sdk=iphonesimulator*]" = UIStatusBarStyleDefault;
				INFOPLIST_KEY_UISupportedInterfaceOrientations_iPad = "UIInterfaceOrientationPortrait UIInterfaceOrientationPortraitUpsideDown UIInterfaceOrientationLandscapeLeft UIInterfaceOrientationLandscapeRight";
				INFOPLIST_KEY_UISupportedInterfaceOrientations_iPhone = "UIInterfaceOrientationPortrait UIInterfaceOrientationLandscapeLeft UIInterfaceOrientationLandscapeRight";
				IPHONEOS_DEPLOYMENT_TARGET = 18.2;
				LD_RUNPATH_SEARCH_PATHS = "@executable_path/Frameworks";
				"LD_RUNPATH_SEARCH_PATHS[sdk=macosx*]" = "@executable_path/../Frameworks";
				MACOSX_DEPLOYMENT_TARGET = 15.0;
				MARKETING_VERSION = 1.0;
				OTHER_SWIFT_FLAGS = "";
				PRODUCT_BUNDLE_IDENTIFIER = org.starlightapps.Acostarse;
				PRODUCT_NAME = "$(TARGET_NAME)";
				SDKROOT = auto;
				SUPPORTED_PLATFORMS = "iphoneos iphonesimulator macosx xros xrsimulator";
				SWIFT_EMIT_LOC_STRINGS = YES;
				SWIFT_VERSION = 5.0;
				TARGETED_DEVICE_FAMILY = "1,2,7";
				XROS_DEPLOYMENT_TARGET = 2.2;
			};
			name = Debug;
		};
		C2F1BE8F2DEF1AB30056A4BA /* Release */ = {
			isa = XCBuildConfiguration;
			buildSettings = {
				ASSETCATALOG_COMPILER_APPICON_NAME = AppIcon;
				ASSETCATALOG_COMPILER_GLOBAL_ACCENT_COLOR_NAME = AccentColor;
				CODE_SIGN_ENTITLEMENTS = Acostarse/Acostarse.entitlements;
				CODE_SIGN_STYLE = Automatic;
				CURRENT_PROJECT_VERSION = 2;
				DEVELOPMENT_ASSET_PATHS = "\"Acostarse/Preview Content\"";
				DEVELOPMENT_TEAM = 3S6NT5MUQZ;
				ENABLE_HARDENED_RUNTIME = YES;
				ENABLE_PREVIEWS = YES;
				GENERATE_INFOPLIST_FILE = YES;
				INFOPLIST_FILE = Acostarse/Info.plist;
				INFOPLIST_KEY_CFBundleDisplayName = Acostar;
				INFOPLIST_KEY_LSApplicationCategoryType = "public.app-category.healthcare-fitness";
				INFOPLIST_KEY_LSUIElement = YES;
				"INFOPLIST_KEY_UIApplicationSceneManifest_Generation[sdk=iphoneos*]" = YES;
				"INFOPLIST_KEY_UIApplicationSceneManifest_Generation[sdk=iphonesimulator*]" = YES;
				"INFOPLIST_KEY_UIApplicationSupportsIndirectInputEvents[sdk=iphoneos*]" = YES;
				"INFOPLIST_KEY_UIApplicationSupportsIndirectInputEvents[sdk=iphonesimulator*]" = YES;
				"INFOPLIST_KEY_UILaunchScreen_Generation[sdk=iphoneos*]" = YES;
				"INFOPLIST_KEY_UILaunchScreen_Generation[sdk=iphonesimulator*]" = YES;
				"INFOPLIST_KEY_UIStatusBarStyle[sdk=iphoneos*]" = UIStatusBarStyleDefault;
				"INFOPLIST_KEY_UIStatusBarStyle[sdk=iphonesimulator*]" = UIStatusBarStyleDefault;
				INFOPLIST_KEY_UISupportedInterfaceOrientations_iPad = "UIInterfaceOrientationPortrait UIInterfaceOrientationPortraitUpsideDown UIInterfaceOrientationLandscapeLeft UIInterfaceOrientationLandscapeRight";
				INFOPLIST_KEY_UISupportedInterfaceOrientations_iPhone = "UIInterfaceOrientationPortrait UIInterfaceOrientationLandscapeLeft UIInterfaceOrientationLandscapeRight";
				IPHONEOS_DEPLOYMENT_TARGET = 18.2;
				LD_RUNPATH_SEARCH_PATHS = "@executable_path/Frameworks";
				"LD_RUNPATH_SEARCH_PATHS[sdk=macosx*]" = "@executable_path/../Frameworks";
				MACOSX_DEPLOYMENT_TARGET = 15.0;
				MARKETING_VERSION = 1.0;
				OTHER_SWIFT_FLAGS = "";
				PRODUCT_BUNDLE_IDENTIFIER = org.starlightapps.Acostarse;
				PRODUCT_NAME = "$(TARGET_NAME)";
				SDKROOT = auto;
				SUPPORTED_PLATFORMS = "iphoneos iphonesimulator macosx xros xrsimulator";
				SWIFT_EMIT_LOC_STRINGS = YES;
				SWIFT_VERSION = 5.0;
				TARGETED_DEVICE_FAMILY = "1,2,7";
				XROS_DEPLOYMENT_TARGET = 2.2;
			};
			name = Release;
		};
/* End XCBuildConfiguration section */

/* Begin XCConfigurationList section */
		C2F1BE792DEF1AB20056A4BA /* Build configuration list for PBXProject "Acostarse" */ = {
			isa = XCConfigurationList;
			buildConfigurations = (
				C2F1BE8B2DEF1AB30056A4BA /* Debug */,
				C2CD47CE2DF18210006A7E43 /* Debug-Onboarding */,
				C2EC546F2DEF645B0012F73D /* Debug-AlertScreen */,
				C2F1BE8C2DEF1AB30056A4BA /* Release */,
			);
			defaultConfigurationIsVisible = 0;
			defaultConfigurationName = Release;
		};
		C2F1BE8D2DEF1AB30056A4BA /* Build configuration list for PBXNativeTarget "Acostarse" */ = {
			isa = XCConfigurationList;
			buildConfigurations = (
				C2F1BE8E2DEF1AB30056A4BA /* Debug */,
				C2CD47CF2DF18210006A7E43 /* Debug-Onboarding */,
				C2EC54702DEF645B0012F73D /* Debug-AlertScreen */,
				C2F1BE8F2DEF1AB30056A4BA /* Release */,
			);
			defaultConfigurationIsVisible = 0;
			defaultConfigurationName = Release;
		};
/* End XCConfigurationList section */
	};
	rootObject = C2F1BE762DEF1AB20056A4BA /* Project object */;
}
